// !$*UTF8*$!
{
	archiveVersion = 1;
	classes = {
	};
	objectVersion = 48;
	objects = {

/* Begin PBXBuildFile section */
		B8748D49251866CE8D8B4E93 /* Pods_ChartExample.framework in Frameworks */ = {isa = PBXBuildFile; fileRef = 8A6809BEB97DC1F2A7FFD73B /* Pods_ChartExample.framework */; };
		B8EFBC431F9D44E000309AD1 /* AppDelegate.swift in Sources */ = {isa = PBXBuildFile; fileRef = B8EFBC421F9D44E000309AD1 /* AppDelegate.swift */; };
		B8EFBC451F9D44E000309AD1 /* ViewController.swift in Sources */ = {isa = PBXBuildFile; fileRef = B8EFBC441F9D44E000309AD1 /* ViewController.swift */; };
		B8EFBC481F9D44E000309AD1 /* Main.storyboard in Resources */ = {isa = PBXBuildFile; fileRef = B8EFBC461F9D44E000309AD1 /* Main.storyboard */; };
		B8EFBC4A1F9D44E000309AD1 /* Assets.xcassets in Resources */ = {isa = PBXBuildFile; fileRef = B8EFBC491F9D44E000309AD1 /* Assets.xcassets */; };
		B8EFBC4D1F9D44E000309AD1 /* LaunchScreen.storyboard in Resources */ = {isa = PBXBuildFile; fileRef = B8EFBC4B1F9D44E000309AD1 /* LaunchScreen.storyboard */; };
		B8EFBC551F9D456B00309AD1 /* podfile in Resources */ = {isa = PBXBuildFile; fileRef = B8EFBC541F9D456B00309AD1 /* podfile */; };
/* End PBXBuildFile section */

/* Begin PBXFileReference section */
		607B521AC3F2373EE55D5EC4 /* Pods-ChartExample.debug.xcconfig */ = {isa = PBXFileReference; includeInIndex = 1; lastKnownFileType = text.xcconfig; name = "Pods-ChartExample.debug.xcconfig"; path = "Pods/Target Support Files/Pods-ChartExample/Pods-ChartExample.debug.xcconfig"; sourceTree = "<group>"; };
		8A6809BEB97DC1F2A7FFD73B /* Pods_ChartExample.framework */ = {isa = PBXFileReference; explicitFileType = wrapper.framework; includeInIndex = 0; path = Pods_ChartExample.framework; sourceTree = BUILT_PRODUCTS_DIR; };
		B8EFBC3F1F9D44E000309AD1 /* ChartExample.app */ = {isa = PBXFileReference; explicitFileType = wrapper.application; includeInIndex = 0; path = ChartExample.app; sourceTree = BUILT_PRODUCTS_DIR; };
		B8EFBC421F9D44E000309AD1 /* AppDelegate.swift */ = {isa = PBXFileReference; lastKnownFileType = sourcecode.swift; path = AppDelegate.swift; sourceTree = "<group>"; };
		B8EFBC441F9D44E000309AD1 /* ViewController.swift */ = {isa = PBXFileReference; lastKnownFileType = sourcecode.swift; path = ViewController.swift; sourceTree = "<group>"; };
		B8EFBC471F9D44E000309AD1 /* Base */ = {isa = PBXFileReference; lastKnownFileType = file.storyboard; name = Base; path = Base.lproj/Main.storyboard; sourceTree = "<group>"; };
		B8EFBC491F9D44E000309AD1 /* Assets.xcassets */ = {isa = PBXFileReference; lastKnownFileType = folder.assetcatalog; path = Assets.xcassets; sourceTree = "<group>"; };
		B8EFBC4C1F9D44E000309AD1 /* Base */ = {isa = PBXFileReference; lastKnownFileType = file.storyboard; name = Base; path = Base.lproj/LaunchScreen.storyboard; sourceTree = "<group>"; };
		B8EFBC4E1F9D44E000309AD1 /* Info.plist */ = {isa = PBXFileReference; lastKnownFileType = text.plist.xml; path = Info.plist; sourceTree = "<group>"; };
		B8EFBC541F9D456B00309AD1 /* podfile */ = {isa = PBXFileReference; lastKnownFileType = text; path = podfile; sourceTree = "<group>"; };
		F4801CE0A00F971198F18558 /* Pods-ChartExample.release.xcconfig */ = {isa = PBXFileReference; includeInIndex = 1; lastKnownFileType = text.xcconfig; name = "Pods-ChartExample.release.xcconfig"; path = "Pods/Target Support Files/Pods-ChartExample/Pods-ChartExample.release.xcconfig"; sourceTree = "<group>"; };
/* End PBXFileReference section */

/* Begin PBXFrameworksBuildPhase section */
		B8EFBC3C1F9D44E000309AD1 /* Frameworks */ = {
			isa = PBXFrameworksBuildPhase;
			buildActionMask = 2147483647;
			files = (
				B8748D49251866CE8D8B4E93 /* Pods_ChartExample.framework in Frameworks */,
			);
			runOnlyForDeploymentPostprocessing = 0;
		};
/* End PBXFrameworksBuildPhase section */

/* Begin PBXGroup section */
		AD663AC813668DF178C75D08 /* Pods */ = {
			isa = PBXGroup;
			children = (
				607B521AC3F2373EE55D5EC4 /* Pods-ChartExample.debug.xcconfig */,
				F4801CE0A00F971198F18558 /* Pods-ChartExample.release.xcconfig */,
			);
			name = Pods;
			sourceTree = "<group>";
		};
		B8EFBC361F9D44E000309AD1 = {
			isa = PBXGroup;
			children = (
				B8EFBC541F9D456B00309AD1 /* podfile */,
				B8EFBC411F9D44E000309AD1 /* ChartExample */,
				B8EFBC401F9D44E000309AD1 /* Products */,
				AD663AC813668DF178C75D08 /* Pods */,
				D45C9C8EE5EFB13FA9406EA6 /* Frameworks */,
			);
			sourceTree = "<group>";
		};
		B8EFBC401F9D44E000309AD1 /* Products */ = {
			isa = PBXGroup;
			children = (
				B8EFBC3F1F9D44E000309AD1 /* ChartExample.app */,
			);
			name = Products;
			sourceTree = "<group>";
		};
		B8EFBC411F9D44E000309AD1 /* ChartExample */ = {
			isa = PBXGroup;
			children = (
				B8EFBC421F9D44E000309AD1 /* AppDelegate.swift */,
				B8EFBC441F9D44E000309AD1 /* ViewController.swift */,
				B8EFBC461F9D44E000309AD1 /* Main.storyboard */,
				B8EFBC491F9D44E000309AD1 /* Assets.xcassets */,
				B8EFBC4B1F9D44E000309AD1 /* LaunchScreen.storyboard */,
				B8EFBC4E1F9D44E000309AD1 /* Info.plist */,
			);
			path = ChartExample;
			sourceTree = "<group>";
		};
		D45C9C8EE5EFB13FA9406EA6 /* Frameworks */ = {
			isa = PBXGroup;
			children = (
				8A6809BEB97DC1F2A7FFD73B /* Pods_ChartExample.framework */,
			);
			name = Frameworks;
			sourceTree = "<group>";
		};
/* End PBXGroup section */

/* Begin PBXNativeTarget section */
		B8EFBC3E1F9D44E000309AD1 /* ChartExample */ = {
			isa = PBXNativeTarget;
			buildConfigurationList = B8EFBC511F9D44E000309AD1 /* Build configuration list for PBXNativeTarget "ChartExample" */;
			buildPhases = (
				F6D8C7292BA10B65A2CF22B2 /* [CP] Check Pods Manifest.lock */,
				B8EFBC3B1F9D44E000309AD1 /* Sources */,
				B8EFBC3C1F9D44E000309AD1 /* Frameworks */,
				B8EFBC3D1F9D44E000309AD1 /* Resources */,
				1CC235E02DFE1AA7B35A7828 /* [CP] Embed Pods Frameworks */,
				3B5B1F3FF096E55F8AC9B2CA /* [CP] Copy Pods Resources */,
			);
			buildRules = (
			);
			dependencies = (
			);
			name = ChartExample;
			productName = ChartExample;
			productReference = B8EFBC3F1F9D44E000309AD1 /* ChartExample.app */;
			productType = "com.apple.product-type.application";
		};
/* End PBXNativeTarget section */

/* Begin PBXProject section */
		B8EFBC371F9D44E000309AD1 /* Project object */ = {
			isa = PBXProject;
			attributes = {
				LastSwiftUpdateCheck = 0900;
				LastUpgradeCheck = 0900;
				ORGANIZATIONNAME = Thunderiven;
				TargetAttributes = {
					B8EFBC3E1F9D44E000309AD1 = {
						CreatedOnToolsVersion = 9.0.1;
						ProvisioningStyle = Automatic;
					};
				};
			};
			buildConfigurationList = B8EFBC3A1F9D44E000309AD1 /* Build configuration list for PBXProject "ChartExample" */;
			compatibilityVersion = "Xcode 8.0";
			developmentRegion = en;
			hasScannedForEncodings = 0;
			knownRegions = (
				en,
				Base,
			);
			mainGroup = B8EFBC361F9D44E000309AD1;
			productRefGroup = B8EFBC401F9D44E000309AD1 /* Products */;
			projectDirPath = "";
			projectRoot = "";
			targets = (
				B8EFBC3E1F9D44E000309AD1 /* ChartExample */,
			);
		};
/* End PBXProject section */

/* Begin PBXResourcesBuildPhase section */
		B8EFBC3D1F9D44E000309AD1 /* Resources */ = {
			isa = PBXResourcesBuildPhase;
			buildActionMask = 2147483647;
			files = (
				B8EFBC4D1F9D44E000309AD1 /* LaunchScreen.storyboard in Resources */,
				B8EFBC4A1F9D44E000309AD1 /* Assets.xcassets in Resources */,
				B8EFBC551F9D456B00309AD1 /* podfile in Resources */,
				B8EFBC481F9D44E000309AD1 /* Main.storyboard in Resources */,
			);
			runOnlyForDeploymentPostprocessing = 0;
		};
/* End PBXResourcesBuildPhase section */

/* Begin PBXShellScriptBuildPhase section */
		1CC235E02DFE1AA7B35A7828 /* [CP] Embed Pods Frameworks */ = {
			isa = PBXShellScriptBuildPhase;
			buildActionMask = 2147483647;
			files = (
			);
			inputPaths = (
				"${SRCROOT}/Pods/Target Support Files/Pods-ChartExample/Pods-ChartExample-frameworks.sh",
				"${BUILT_PRODUCTS_DIR}/Charts/Charts.framework",
			);
			name = "[CP] Embed Pods Frameworks";
			outputPaths = (
				"${TARGET_BUILD_DIR}/${FRAMEWORKS_FOLDER_PATH}/Charts.framework",
			);
			runOnlyForDeploymentPostprocessing = 0;
			shellPath = /bin/sh;
			shellScript = "\"${SRCROOT}/Pods/Target Support Files/Pods-ChartExample/Pods-ChartExample-frameworks.sh\"\n";
			showEnvVarsInLog = 0;
		};
		3B5B1F3FF096E55F8AC9B2CA /* [CP] Copy Pods Resources */ = {
			isa = PBXShellScriptBuildPhase;
			buildActionMask = 2147483647;
			files = (
			);
			inputPaths = (
			);
			name = "[CP] Copy Pods Resources";
			outputPaths = (
			);
			runOnlyForDeploymentPostprocessing = 0;
			shellPath = /bin/sh;
			shellScript = "\"${SRCROOT}/Pods/Target Support Files/Pods-ChartExample/Pods-ChartExample-resources.sh\"\n";
			showEnvVarsInLog = 0;
		};
		F6D8C7292BA10B65A2CF22B2 /* [CP] Check Pods Manifest.lock */ = {
			isa = PBXShellScriptBuildPhase;
			buildActionMask = 2147483647;
			files = (
			);
			inputPaths = (
				"${PODS_PODFILE_DIR_PATH}/Podfile.lock",
				"${PODS_ROOT}/Manifest.lock",
			);
			name = "[CP] Check Pods Manifest.lock";
			outputPaths = (
				"$(DERIVED_FILE_DIR)/Pods-ChartExample-checkManifestLockResult.txt",
			);
			runOnlyForDeploymentPostprocessing = 0;
			shellPath = /bin/sh;
			shellScript = "diff \"${PODS_PODFILE_DIR_PATH}/Podfile.lock\" \"${PODS_ROOT}/Manifest.lock\" > /dev/null\nif [ $? != 0 ] ; then\n    # print error to STDERR\n    echo \"error: The sandbox is not in sync with the Podfile.lock. Run 'pod install' or update your CocoaPods installation.\" >&2\n    exit 1\nfi\n# This output is used by Xcode 'outputs' to avoid re-running this script phase.\necho \"SUCCESS\" > \"${SCRIPT_OUTPUT_FILE_0}\"\n";
			showEnvVarsInLog = 0;
		};
/* End PBXShellScriptBuildPhase section */

/* Begin PBXSourcesBuildPhase section */
		B8EFBC3B1F9D44E000309AD1 /* Sources */ = {
			isa = PBXSourcesBuildPhase;
			buildActionMask = 2147483647;
			files = (
				B8EFBC451F9D44E000309AD1 /* ViewController.swift in Sources */,
				B8EFBC431F9D44E000309AD1 /* AppDelegate.swift in Sources */,
			);
			runOnlyForDeploymentPostprocessing = 0;
		};
/* End PBXSourcesBuildPhase section */

/* Begin PBXVariantGroup section */
		B8EFBC461F9D44E000309AD1 /* Main.storyboard */ = {
			isa = PBXVariantGroup;
			children = (
				B8EFBC471F9D44E000309AD1 /* Base */,
			);
			name = Main.storyboard;
			sourceTree = "<group>";
		};
		B8EFBC4B1F9D44E000309AD1 /* LaunchScreen.storyboard */ = {
			isa = PBXVariantGroup;
			children = (
				B8EFBC4C1F9D44E000309AD1 /* Base */,
			);
			name = LaunchScreen.storyboard;
			sourceTree = "<group>";
		};
/* End PBXVariantGroup section */

/* Begin XCBuildConfiguration section */
		B8EFBC4F1F9D44E000309AD1 /* Debug */ = {
			isa = XCBuildConfiguration;
			buildSettings = {
				ALWAYS_SEARCH_USER_PATHS = NO;
				CLANG_ANALYZER_NONNULL = YES;
				CLANG_ANALYZER_NUMBER_OBJECT_CONVERSION = YES_AGGRESSIVE;
				CLANG_CXX_LANGUAGE_STANDARD = "gnu++14";
				CLANG_CXX_LIBRARY = "libc++";
				CLANG_ENABLE_MODULES = YES;
				CLANG_ENABLE_OBJC_ARC = YES;
				CLANG_WARN_BLOCK_CAPTURE_AUTORELEASING = YES;
				CLANG_WARN_BOOL_CONVERSION = YES;
				CLANG_WARN_COMMA = YES;
				CLANG_WARN_CONSTANT_CONVERSION = YES;
				CLANG_WARN_DIRECT_OBJC_ISA_USAGE = YES_ERROR;
				CLANG_WARN_DOCUMENTATION_COMMENTS = YES;
				CLANG_WARN_EMPTY_BODY = YES;
				CLANG_WARN_ENUM_CONVERSION = YES;
				CLANG_WARN_INFINITE_RECURSION = YES;
				CLANG_WARN_INT_CONVERSION = YES;
				CLANG_WARN_NON_LITERAL_NULL_CONVERSION = YES;
				CLANG_WARN_OBJC_LITERAL_CONVERSION = YES;
				CLANG_WARN_OBJC_ROOT_CLASS = YES_ERROR;
				CLANG_WARN_RANGE_LOOP_ANALYSIS = YES;
				CLANG_WARN_STRICT_PROTOTYPES = YES;
				CLANG_WARN_SUSPICIOUS_MOVE = YES;
				CLANG_WARN_UNGUARDED_AVAILABILITY = YES_AGGRESSIVE;
				CLANG_WARN_UNREACHABLE_CODE = YES;
				CLANG_WARN__DUPLICATE_METHOD_MATCH = YES;
				CODE_SIGN_IDENTITY = "iPhone Developer";
				COPY_PHASE_STRIP = NO;
				DEBUG_INFORMATION_FORMAT = dwarf;
				ENABLE_STRICT_OBJC_MSGSEND = YES;
				ENABLE_TESTABILITY = YES;
				GCC_C_LANGUAGE_STANDARD = gnu11;
				GCC_DYNAMIC_NO_PIC = NO;
				GCC_NO_COMMON_BLOCKS = YES;
				GCC_OPTIMIZATION_LEVEL = 0;
				GCC_PREPROCESSOR_DEFINITIONS = (
					"DEBUG=1",
					"$(inherited)",
				);
				GCC_WARN_64_TO_32_BIT_CONVERSION = YES;
				GCC_WARN_ABOUT_RETURN_TYPE = YES_ERROR;
				GCC_WARN_UNDECLARED_SELECTOR = YES;
				GCC_WARN_UNINITIALIZED_AUTOS = YES_AGGRESSIVE;
				GCC_WARN_UNUSED_FUNCTION = YES;
				GCC_WARN_UNUSED_VARIABLE = YES;
				IPHONEOS_DEPLOYMENT_TARGET = 11.0;
				MTL_ENABLE_DEBUG_INFO = YES;
				ONLY_ACTIVE_ARCH = YES;
				SDKROOT = iphoneos;
				SWIFT_ACTIVE_COMPILATION_CONDITIONS = DEBUG;
				SWIFT_OPTIMIZATION_LEVEL = "-Onone";
			};
			name = Debug;
		};
		B8EFBC501F9D44E000309AD1 /* Release */ = {
			isa = XCBuildConfiguration;
			buildSettings = {
				ALWAYS_SEARCH_USER_PATHS = NO;
				CLANG_ANALYZER_NONNULL = YES;
				CLANG_ANALYZER_NUMBER_OBJECT_CONVERSION = YES_AGGRESSIVE;
				CLANG_CXX_LANGUAGE_STANDARD = "gnu++14";
				CLANG_CXX_LIBRARY = "libc++";
				CLANG_ENABLE_MODULES = YES;
				CLANG_ENABLE_OBJC_ARC = YES;
				CLANG_WARN_BLOCK_CAPTURE_AUTORELEASING = YES;
				CLANG_WARN_BOOL_CONVERSION = YES;
				CLANG_WARN_COMMA = YES;
				CLANG_WARN_CONSTANT_CONVERSION = YES;
				CLANG_WARN_DIRECT_OBJC_ISA_USAGE = YES_ERROR;
				CLANG_WARN_DOCUMENTATION_COMMENTS = YES;
				CLANG_WARN_EMPTY_BODY = YES;
				CLANG_WARN_ENUM_CONVERSION = YES;
				CLANG_WARN_INFINITE_RECURSION = YES;
				CLANG_WARN_INT_CONVERSION = YES;
				CLANG_WARN_NON_LITERAL_NULL_CONVERSION = YES;
				CLANG_WARN_OBJC_LITERAL_CONVERSION = YES;
				CLANG_WARN_OBJC_ROOT_CLASS = YES_ERROR;
				CLANG_WARN_RANGE_LOOP_ANALYSIS = YES;
				CLANG_WARN_STRICT_PROTOTYPES = YES;
				CLANG_WARN_SUSPICIOUS_MOVE = YES;
				CLANG_WARN_UNGUARDED_AVAILABILITY = YES_AGGRESSIVE;
				CLANG_WARN_UNREACHABLE_CODE = YES;
				CLANG_WARN__DUPLICATE_METHOD_MATCH = YES;
				CODE_SIGN_IDENTITY = "iPhone Developer";
				COPY_PHASE_STRIP = NO;
				DEBUG_INFORMATION_FORMAT = "dwarf-with-dsym";
				ENABLE_NS_ASSERTIONS = NO;
				ENABLE_STRICT_OBJC_MSGSEND = YES;
				GCC_C_LANGUAGE_STANDARD = gnu11;
				GCC_NO_COMMON_BLOCKS = YES;
				GCC_WARN_64_TO_32_BIT_CONVERSION = YES;
				GCC_WARN_ABOUT_RETURN_TYPE = YES_ERROR;
				GCC_WARN_UNDECLARED_SELECTOR = YES;
				GCC_WARN_UNINITIALIZED_AUTOS = YES_AGGRESSIVE;
				GCC_WARN_UNUSED_FUNCTION = YES;
				GCC_WARN_UNUSED_VARIABLE = YES;
				IPHONEOS_DEPLOYMENT_TARGET = 11.0;
				MTL_ENABLE_DEBUG_INFO = NO;
				SDKROOT = iphoneos;
				SWIFT_OPTIMIZATION_LEVEL = "-Owholemodule";
				VALIDATE_PRODUCT = YES;
			};
			name = Release;
		};
		B8EFBC521F9D44E000309AD1 /* Debug */ = {
			isa = XCBuildConfiguration;
			baseConfigurationReference = 607B521AC3F2373EE55D5EC4 /* Pods-ChartExample.debug.xcconfig */;
			buildSettings = {
				ASSETCATALOG_COMPILER_APPICON_NAME = AppIcon;
				CODE_SIGN_STYLE = Automatic;
				INFOPLIST_FILE = ChartExample/Info.plist;
				LD_RUNPATH_SEARCH_PATHS = "$(inherited) @executable_path/Frameworks";
				PRODUCT_BUNDLE_IDENTIFIER = thunderivenstudios.ChartExample;
				PRODUCT_NAME = "$(TARGET_NAME)";
				SWIFT_VERSION = 4.0;
				TARGETED_DEVICE_FAMILY = "1,2";
			};
			name = Debug;
		};
		B8EFBC531F9D44E000309AD1 /* Release */ = {
			isa = XCBuildConfiguration;
			baseConfigurationReference = F4801CE0A00F971198F18558 /* Pods-ChartExample.release.xcconfig */;
			buildSettings = {
				ASSETCATALOG_COMPILER_APPICON_NAME = AppIcon;
				CODE_SIGN_STYLE = Automatic;
				INFOPLIST_FILE = ChartExample/Info.plist;
				LD_RUNPATH_SEARCH_PATHS = "$(inherited) @executable_path/Frameworks";
				PRODUCT_BUNDLE_IDENTIFIER = thunderivenstudios.ChartExample;
				PRODUCT_NAME = "$(TARGET_NAME)";
				SWIFT_VERSION = 4.0;
				TARGETED_DEVICE_FAMILY = "1,2";
			};
			name = Release;
		};
/* End XCBuildConfiguration section */

/* Begin XCConfigurationList section */
		B8EFBC3A1F9D44E000309AD1 /* Build configuration list for PBXProject "ChartExample" */ = {
			isa = XCConfigurationList;
			buildConfigurations = (
				B8EFBC4F1F9D44E000309AD1 /* Debug */,
				B8EFBC501F9D44E000309AD1 /* Release */,
			);
			defaultConfigurationIsVisible = 0;
			defaultConfigurationName = Release;
		};
		B8EFBC511F9D44E000309AD1 /* Build configuration list for PBXNativeTarget "ChartExample" */ = {
			isa = XCConfigurationList;
			buildConfigurations = (
				B8EFBC521F9D44E000309AD1 /* Debug */,
				B8EFBC531F9D44E000309AD1 /* Release */,
			);
			defaultConfigurationIsVisible = 0;
			defaultConfigurationName = Release;
		};
/* End XCConfigurationList section */
	};
	rootObject = B8EFBC371F9D44E000309AD1 /* Project object */;
}
